
Microsoft Visual Studio Solution File, Format Version 12.00
# Visual Studio Version 17
VisualStudioVersion = 17.11.35312.102
MinimumVisualStudioVersion = 10.0.40219.1
Project("{9A19103F-16F7-4668-BE54-9A1E7A4F7556}") = "SIS", "Student Information System_SIS\SIS.csproj", "{D6414B58-442D-41D7-917A-F66C1C37BD18}"
EndProject
Project("{9A19103F-16F7-4668-BE54-9A1E7A4F7556}") = "SIS_Library", "SIS_Library\SIS_Library.csproj", "{90CE02FF-0345-415E-9415-FB57602FE1D8}"
EndProject
Global
	GlobalSection(SolutionConfigurationPlatforms) = preSolution
		Debug|Any CPU = Debug|Any CPU
		Release|Any CPU = Release|Any CPU
	EndGlobalSection
	GlobalSection(ProjectConfigurationPlatforms) = postSolution
		{D6414B58-442D-41D7-917A-F66C1C37BD18}.Debug|Any CPU.ActiveCfg = Debug|Any CPU
		{D6414B58-442D-41D7-917A-F66C1C37BD18}.Debug|Any CPU.Build.0 = Debug|Any CPU
		{D6414B58-442D-41D7-917A-F66C1C37BD18}.Release|Any CPU.ActiveCfg = Release|Any CPU
		{D6414B58-442D-41D7-917A-F66C1C37BD18}.Release|Any CPU.Build.0 = Release|Any CPU
		{90CE02FF-0345-415E-9415-FB57602FE1D8}.Debug|Any CPU.ActiveCfg = Debug|Any CPU
		{90CE02FF-0345-415E-9415-FB57602FE1D8}.Debug|Any CPU.Build.0 = Debug|Any CPU
		{90CE02FF-0345-415E-9415-FB57602FE1D8}.Release|Any CPU.ActiveCfg = Release|Any CPU
		{90CE02FF-0345-415E-9415-FB57602FE1D8}.Release|Any CPU.Build.0 = Release|Any CPU
	EndGlobalSection
	GlobalSection(SolutionProperties) = preSolution
		HideSolutionNode = FALSE
	EndGlobalSection
	GlobalSection(ExtensibilityGlobals) = postSolution
		SolutionGuid = {86193665-0571-4BA9-95D4-E8BB5BDCE7D7}
	EndGlobalSection
EndGlobal
